// !$*UTF8*$!
{
	archiveVersion = 1;
	classes = {
	};
	objectVersion = 42;
	objects = {

/* Begin PBXAggregateTarget section */
		64200DBC0FD42578005D41CE /* «PROJECTNAME» */ = {
			isa = PBXAggregateTarget;
			buildConfigurationList = 64200DCB0FD425B7005D41CE /* Build configuration list for PBXAggregateTarget "«PROJECTNAME»" */;
			buildPhases = (
				64200DE70FD428F4005D41CE /* ShellScript */,
			);
			dependencies = (
			);
			name = "«PROJECTNAME»";
			productName = "«PROJECTNAME»";
		};
/* End PBXAggregateTarget section */

/* Begin PBXFileReference section */
		641D44E00FD437FB00EACBFF /* Frameworks */ = {isa = PBXFileReference; lastKnownFileType = folder; name = Frameworks; path = Frameworks; sourceTree = SOURCE_ROOT; };
		64200A490FD4250F005D41CE /* MainMenu.xib */ = {isa = PBXFileReference; lastKnownFileType = file.xib; path = MainMenu.xib; sourceTree = "<group>"; };
		64200A4A0FD4250F005D41CE /* main.j */ = {isa = PBXFileReference; fileEncoding = 4; lastKnownFileType = sourcecode.objj; path = main.j; sourceTree = "<group>"; };
		64200A4B0FD4250F005D41CE /* Info.plist */ = {isa = PBXFileReference; fileEncoding = 4; lastKnownFileType = text.plist.xml; path = Info.plist; sourceTree = "<group>"; };
		64200A4C0FD4250F005D41CE /* index.html */ = {isa = PBXFileReference; fileEncoding = 4; lastKnownFileType = text.html; path = index.html; sourceTree = "<group>"; };
		64200A4D0FD4250F005D41CE /* AppController.j */ = {isa = PBXFileReference; fileEncoding = 4; lastKnownFileType = sourcecode.objj; path = AppController.j; sourceTree = "<group>"; };
        64B168F30FD4E529001197CA /* index-debug.html */ = {isa = PBXFileReference; fileEncoding = 4; lastKnownFileType = text.html; path = "index-debug.html"; sourceTree = "<group>"; };
/* End PBXFileReference section */

/* Begin PBXGroup section */
		64200A3A0FD424DD005D41CE = {
			isa = PBXGroup;
			children = (
				64200DB90FD42540005D41CE /* Classes */,
				64200DBA0FD4254B005D41CE /* Others */,
				64200A470FD4250F005D41CE /* Resources */,
				641D44E00FD437FB00EACBFF /* Frameworks */,
			);
			sourceTree = "<group>";
		};
		64200A470FD4250F005D41CE /* Resources */ = {
			isa = PBXGroup;
			children = (
				64200A490FD4250F005D41CE /* MainMenu.xib */,
			);
			path = Resources;
			sourceTree = "<group>";
		};
		64200DB90FD42540005D41CE /* Classes */ = {
			isa = PBXGroup;
			children = (
				64200A4D0FD4250F005D41CE /* AppController.j */,
			);
			name = Classes;
			sourceTree = "<group>";
		};
		64200DBA0FD4254B005D41CE /* Others */ = {
			isa = PBXGroup;
			children = (
				64200A4A0FD4250F005D41CE /* main.j */,
				64200A4B0FD4250F005D41CE /* Info.plist */,
				64200A4C0FD4250F005D41CE /* index.html */,
				64B168F30FD4E529001197CA /* index-debug.html */,
			);
			name = Others;
			sourceTree = "<group>";
		};
/* End PBXGroup section */

/* Begin PBXProject section */
		64200A3C0FD424DD005D41CE /* Project object */ = {
			isa = PBXProject;
			buildConfigurationList = 64200A3F0FD424DD005D41CE /* Build configuration list for PBXProject "Cappuccino" */;
			compatibilityVersion = "Xcode 2.4";
			hasScannedForEncodings = 0;
			mainGroup = 64200A3A0FD424DD005D41CE;
			projectDirPath = "";
			projectRoot = "";
			targets = (
				64200DBC0FD42578005D41CE /* «PROJECTNAME» */,
			);
		};
/* End PBXProject section */

/* Begin PBXShellScriptBuildPhase section */
		64200DE70FD428F4005D41CE /* ShellScript */ = {
			isa = PBXShellScriptBuildPhase;
			buildActionMask = 2147483647;
			files = (
			);
			inputPaths = (
			);
			name = "Build Application";
			outputPaths = (
			);
			runOnlyForDeploymentPostprocessing = 0;
			shellPath = /bin/sh;
			shellScript = "#!/bin/sh\n\n#setup objj bin and Frameworks path\nif test -n \"$OBJJ_FRAMEWORKS_PATH\";\nthen\n\tdefaultPath=\"$OBJJ_FRAMEWORKS_PATH\";\nelse\n\tdefaultPath=\"/usr/local/narwhal/packages/cappuccino/Frameworks\";\nfi\n\nif test -n \"$OBJJ_BIN_PATH\";\nthen\n\tdefaultBinFolderPath=\"$OBJJ_BIN_PATH\";\nelse\n\tdefaultBinFolderPath=\"/usr/local/narwhal/bin\";\nfi\n\nif test -n \"$OBJJ_FRAMEWORKS_PATH\";\nthen\necho \"Use Cappuccino Installation at '$defaultPath'\";\necho \"Check Cappuccino Frameworks ...\";\n\nif test -d \"$defaultPath\";\nthen\n\tif test \"$defaultPath\" -nt ./Frameworks;\n\tthen\n\t\trm -rf ./Frameworks; cp -rf $defaultPath .;\n\t\techo \"Copied Cappuccino Frameworks from location '$defaultPath'\";\n\telse\n\t\techo \"Cappuccino Frameworks are up-to-date\";\n\tfi\nfi\n\necho \"Check Interface Builder Files ....\";\n\n\nif test -d \"$defaultBinFolderPath\";\nthen\n\tPATH=${PATH}:$defaultBinFolderPath;\nfi\n\n\n#for xib files\nxibFiles=$(find . -type f -name \"*.xib\");\nfor xibFile in $xibFiles; do\n cibFile=$(echo $xibFile | sed -e 's/\\.xib$/.cib/');\n test $xibFile -nt $cibFile && nib2cib $xibFile || echo \"Interface Builder File '$cibFile' is up-to-date\";\ndone;\n\n#for nib files\nnibFiles=$(find . -type d -name \"*.nib\");\nfor nibFile in $nibFiles; do\n \tcibFile=$(echo $nibFile | sed -e 's/\\.nib$/.cib/');\n\ttest $nibFile -nt $cibFile && nib2cib $nibFile || echo \"Interface Builder File \\'$cibFile\\' is up-to-date\";\ndone;\nelse\n\techo \"Please setup your build settings key 'OBJJ_FRAMEWORKS_PATH' with your objj framework path\";\n\techo \"The default path is '/usr/local/narwhal/packages/cappuccino'\"\n\techo \"Also setup the build settings key 'OBJJ_BIN_PATH' with your objj bin path\";\n\terror 1;\nfi";
		};
/* End PBXShellScriptBuildPhase section */

/* Begin XCBuildConfiguration section */
		64200A3E0FD424DD005D41CE /* Release */ = {
			isa = XCBuildConfiguration;
			buildSettings = {
				COPY_PHASE_STRIP = YES;
				OBJJ_FRAMEWORKS_PATH = /usr/local/narwhal/packages/cappuccino/Frameworks;
				OBJJ_BIN_PATH = /usr/local/narwhal/bin;
				INDEX_FILE = index.html;
				BROWSER_APP_NAME = Safari.app;
			};
			name = Release;
		};
		64200DBE0FD42578005D41CE /* Release */ = {
			isa = XCBuildConfiguration;
			buildSettings = {
				COPY_PHASE_STRIP = YES;
				DEBUG_INFORMATION_FORMAT = "dwarf-with-dsym";
				GCC_ENABLE_FIX_AND_CONTINUE = NO;
				PRODUCT_NAME = Untitled;
				ZERO_LINK = NO;
			};
			name = Release;
		};
		64A306A10FD4E183000D6AD7 /* Debug */ = {
			isa = XCBuildConfiguration;
			buildSettings = {
				COPY_PHASE_STRIP = YES;
				OBJJ_FRAMEWORKS_PATH = /usr/local/narwhal/packages/cappuccino/Frameworks;
				OBJJ_BIN_PATH = /usr/local/narwhal/bin;
				INDEX_FILE = "index-debug.html";
				BROWSER_APP_NAME = Safari.app;
			};
			name = Debug;
		};
		64A306A20FD4E183000D6AD7 /* Debug */ = {
			isa = XCBuildConfiguration;
			buildSettings = {
				COPY_PHASE_STRIP = YES;
				DEBUG_INFORMATION_FORMAT = "dwarf-with-dsym";
				GCC_ENABLE_FIX_AND_CONTINUE = NO;
				PRODUCT_NAME = Untitled;
				ZERO_LINK = NO;
			};
			name = Debug;
		};
/* End XCBuildConfiguration section */

/* Begin XCConfigurationList section */
		64200A3F0FD424DD005D41CE /* Build configuration list for PBXProject "Cappuccino" */ = {
			isa = XCConfigurationList;
			buildConfigurations = (
			    64A306A10FD4E183000D6AD7 /* Debug */,
				64200A3E0FD424DD005D41CE /* Release */,
			);
			defaultConfigurationIsVisible = 0;
			defaultConfigurationName = Release;
		};
		64200DCB0FD425B7005D41CE /* Build configuration list for PBXAggregateTarget "«PROJECTNAME»" */ = {
			isa = XCConfigurationList;
			buildConfigurations = (
			    64A306A20FD4E183000D6AD7 /* Debug */,
				64200DBE0FD42578005D41CE /* Release */,
			);
			defaultConfigurationIsVisible = 0;
			defaultConfigurationName = Release;
		};
/* End XCConfigurationList section */
	};
	rootObject = 64200A3C0FD424DD005D41CE /* Project object */;
}
